
Microsoft Visual Studio Solution File, Format Version 12.00
# Visual Studio Version 17
VisualStudioVersion = 17.0.31912.275
MinimumVisualStudioVersion = 10.0.40219.1
Project("{9092AA53-FB77-4645-B42D-1CCCA6BD08BD}") = "TspApproach", "TspApproach\TspApproach.njsproj", "{A211F571-7751-4E1F-B982-58F48D12174C}"
EndProject
Global
	GlobalSection(SolutionConfigurationPlatforms) = preSolution
		Debug|Any CPU = Debug|Any CPU
		Release|Any CPU = Release|Any CPU
	EndGlobalSection
	GlobalSection(ProjectConfigurationPlatforms) = postSolution
		{A211F571-7751-4E1F-B982-58F48D12174C}.Debug|Any CPU.ActiveCfg = Debug|Any CPU
		{A211F571-7751-4E1F-B982-58F48D12174C}.Debug|Any CPU.Build.0 = Debug|Any CPU
		{A211F571-7751-4E1F-B982-58F48D12174C}.Release|Any CPU.ActiveCfg = Release|Any CPU
		{A211F571-7751-4E1F-B982-58F48D12174C}.Release|Any CPU.Build.0 = Release|Any CPU
	EndGlobalSection
	GlobalSection(SolutionProperties) = preSolution
		HideSolutionNode = FALSE
	EndGlobalSection
	GlobalSection(ExtensibilityGlobals) = postSolution
		SolutionGuid = {33C76516-36A0-47F8-AE23-156D21063043}
	EndGlobalSection
EndGlobal
